
Microsoft Visual Studio Solution File, Format Version 12.00
# Visual Studio Version 17
VisualStudioVersion = 17.4.33213.308
MinimumVisualStudioVersion = 10.0.40219.1
Project("{8BC9CEB8-8B4A-11D0-8D11-00A0C91BC942}") = "HackathonProject", "HackathonProject.vcxproj", "{E11EB91A-5F02-4A61-8A2E-A7ED4BB891A4}"
EndProject
Global
	GlobalSection(SolutionConfigurationPlatforms) = preSolution
		Debug|x64 = Debug|x64
		Debug|x86 = Debug|x86
		Release|x64 = Release|x64
		Release|x86 = Release|x86
	EndGlobalSection
	GlobalSection(ProjectConfigurationPlatforms) = postSolution
		{E11EB91A-5F02-4A61-8A2E-A7ED4BB891A4}.Debug|x64.ActiveCfg = Debug|x64
		{E11EB91A-5F02-4A61-8A2E-A7ED4BB891A4}.Debug|x64.Build.0 = Debug|x64
		{E11EB91A-5F02-4A61-8A2E-A7ED4BB891A4}.Debug|x86.ActiveCfg = Debug|Win32
		{E11EB91A-5F02-4A61-8A2E-A7ED4BB891A4}.Debug|x86.Build.0 = Debug|Win32
		{E11EB91A-5F02-4A61-8A2E-A7ED4BB891A4}.Release|x64.ActiveCfg = Release|x64
		{E11EB91A-5F02-4A61-8A2E-A7ED4BB891A4}.Release|x64.Build.0 = Release|x64
		{E11EB91A-5F02-4A61-8A2E-A7ED4BB891A4}.Release|x86.ActiveCfg = Release|Win32
		{E11EB91A-5F02-4A61-8A2E-A7ED4BB891A4}.Release|x86.Build.0 = Release|Win32
	EndGlobalSection
	GlobalSection(SolutionProperties) = preSolution
		HideSolutionNode = FALSE
	EndGlobalSection
	GlobalSection(ExtensibilityGlobals) = postSolution
		SolutionGuid = {EF602756-1F9F-4754-A46B-81EEE12C57E2}
	EndGlobalSection
EndGlobal
